[[tools.go]]
version = "1.25.4"
backend = "core:go"

[tools.go.platforms.linux-x64]
checksum = "sha256:9fa5ffeda4170de60f67f3aa0f824e426421ba724c21e133c1e35d6159ca1bec"
size = 59766394
url = "https://dl.google.com/go/go1.25.4.linux-amd64.tar.gz"

[[tools."go:github.com/B1NARY-GR0UP/nwa"]]
version = "0.7.7"
backend = "go:github.com/B1NARY-GR0UP/nwa"

[[tools.hk]]
version = "1.20.0"
backend = "aqua:jdx/hk"

[tools.hk.platforms.linux-x64]
checksum = "sha256:f35036c5e43f32e5c110a6c147df598d69d2afb56186ffa7b5d5af0d517c7069"
size = 7184547
url = "https://github.com/jdx/hk/releases/download/v1.20.0/hk-x86_64-unknown-linux-gnu.tar.gz"

[[tools.node]]
version = "24.11.1"
backend = "core:node"

[tools.node.platforms.linux-x64]
checksum = "sha256:58a5ff5cc8f2200e458bea22e329d5c1994aa1b111d499ca46ec2411d58239ca"
size = 56272770
url = "https://nodejs.org/dist/v24.11.1/node-v24.11.1-linux-x64.tar.gz"

[[tools."npm:prettier"]]
version = "3.6.2"
backend = "npm:prettier"

[[tools.pkl]]
version = "0.30.0"
backend = "aqua:apple/pkl"

[tools.pkl.platforms.linux-x64]
checksum = "sha256:182a50a2c84bb002010ea45c8982c1e63b54e7e6a40e939bb5eb70beaad38cd7"
size = 99355968
url = "https://github.com/apple/pkl/releases/download/0.30.0/pkl-linux-amd64"
